
Microsoft Visual Studio Solution File, Format Version 12.00
# Visual Studio Version 17
VisualStudioVersion = 17.5.33502.453
MinimumVisualStudioVersion = 10.0.40219.1
Project("{FAE04EC0-301F-11D3-BF4B-00C04F79EFBC}") = "WebApp", "WebApp\WebApp.csproj", "{55DBD0EF-8E71-4D3B-AD25-9D05DA2D0834}"
EndProject
Project("{FAE04EC0-301F-11D3-BF4B-00C04F79EFBC}") = "WebApi", "WebApi\WebApi.csproj", "{77C72169-5725-4978-9203-398CF156DA64}"
EndProject
Global
	GlobalSection(SolutionConfigurationPlatforms) = preSolution
		Debug|Any CPU = Debug|Any CPU
		Release|Any CPU = Release|Any CPU
	EndGlobalSection
	GlobalSection(ProjectConfigurationPlatforms) = postSolution
		{55DBD0EF-8E71-4D3B-AD25-9D05DA2D0834}.Debug|Any CPU.ActiveCfg = Debug|Any CPU
		{55DBD0EF-8E71-4D3B-AD25-9D05DA2D0834}.Debug|Any CPU.Build.0 = Debug|Any CPU
		{55DBD0EF-8E71-4D3B-AD25-9D05DA2D0834}.Release|Any CPU.ActiveCfg = Release|Any CPU
		{55DBD0EF-8E71-4D3B-AD25-9D05DA2D0834}.Release|Any CPU.Build.0 = Release|Any CPU
		{77C72169-5725-4978-9203-398CF156DA64}.Debug|Any CPU.ActiveCfg = Debug|Any CPU
		{77C72169-5725-4978-9203-398CF156DA64}.Debug|Any CPU.Build.0 = Debug|Any CPU
		{77C72169-5725-4978-9203-398CF156DA64}.Release|Any CPU.ActiveCfg = Release|Any CPU
		{77C72169-5725-4978-9203-398CF156DA64}.Release|Any CPU.Build.0 = Release|Any CPU
	EndGlobalSection
	GlobalSection(SolutionProperties) = preSolution
		HideSolutionNode = FALSE
	EndGlobalSection
	GlobalSection(ExtensibilityGlobals) = postSolution
		SolutionGuid = {5F3B6BFA-0077-47E9-A8D1-3CD6B886B648}
	EndGlobalSection
EndGlobal
